github.com/8i8/term v0.0.3 h1:ZakPpi/2fRjgqCcbTveTPP2dXnwHu9ZzBdwVAse0JII=
github.com/8i8/term v0.0.3/go.mod h1:Ad0haYOuMpn4AcPSB4wGcbTtTlMjEucxMmKiX26EZLE=
github.com/google/uuid v1.2.0 h1:qJYtXnJRWmpe7m/3XlyhrsLrEURqHRM2kxzoxXqyUDs=
github.com/google/uuid v1.2.0/go.mod h1:TIyPZe4MgqvfeYDBFedMoGGpEw/LqOeaOT+nhxU+yHo=
