github.com/8i8/term v0.0.1 h1:MoB4ZYO5lQAd47exbf6ND0lvjG3XBTZfZHbM+SYxWpk=
github.com/8i8/term v0.0.1/go.mod h1:YD6ScuWEJ6MtzL9h9abaGaKX/8LhR0KNSoW7K50fVwg=
github.com/google/uuid v1.2.0 h1:qJYtXnJRWmpe7m/3XlyhrsLrEURqHRM2kxzoxXqyUDs=
github.com/google/uuid v1.2.0/go.mod h1:TIyPZe4MgqvfeYDBFedMoGGpEw/LqOeaOT+nhxU+yHo=
